github.com/dlclark/regexp2 v1.9.0 h1:pTK/l/3qYIKaRXuHnEnIf7Y5NxfRPfpb7dis6/gdlVI=
github.com/dlclark/regexp2 v1.9.0/go.mod h1:DHkYz0B9wPfa6wondMfaivmHpzrQ3v9q8cnmRbL6yW8=
github.com/dlclark/regexp2 v1.11.5-0.20240806004527-5bbbed8ea10b h1:AJKOdc+1fRSJ0/75Jty1npvxUUD0y7hQDg15LMAHhyU=
github.com/dlclark/regexp2 v1.11.5-0.20240806004527-5bbbed8ea10b/go.mod h1:YvCrhrh/qlds8EhFKPtJprdXn5fWBllSw1qo99dZyiQ=
github.com/dlclark/regexp2cg v0.1.0 h1:SdeGspyGihv995cqVSv6UPOHjm/2J1pvQbEQlFDEzNA=
github.com/dlclark/regexp2cg v0.1.0/go.mod h1:n3VoFWNg5bIAwl8j4N/K74dsot/olhCCaIWufs8mUJI=
github.com/pkg/errors v0.9.1 h1:FEBLx1zS214owpjy7qsBeixbURkuhQAwrK5UwLGTwt4=
github.com/pkg/errors v0.9.1/go.mod h1:bwawxfHBFNV+L2hUp1rHADufV3IMtnDRdf1r5NINEl0=
